
Microsoft Visual Studio Solution File, Format Version 12.00
# Visual Studio Version 17
VisualStudioVersion = 17.4.33205.214
MinimumVisualStudioVersion = 10.0.40219.1
Project("{FAE04EC0-301F-11D3-BF4B-00C04F79EFBC}") = "ExercicioOO09_Lista", "ExercicioOO09_Lista\ExercicioOO09_Lista.csproj", "{927FAACA-BE19-4105-BC9A-F4BEE988008F}"
EndProject
Global
	GlobalSection(SolutionConfigurationPlatforms) = preSolution
		Debug|Any CPU = Debug|Any CPU
		Release|Any CPU = Release|Any CPU
	EndGlobalSection
	GlobalSection(ProjectConfigurationPlatforms) = postSolution
		{927FAACA-BE19-4105-BC9A-F4BEE988008F}.Debug|Any CPU.ActiveCfg = Debug|Any CPU
		{927FAACA-BE19-4105-BC9A-F4BEE988008F}.Debug|Any CPU.Build.0 = Debug|Any CPU
		{927FAACA-BE19-4105-BC9A-F4BEE988008F}.Release|Any CPU.ActiveCfg = Release|Any CPU
		{927FAACA-BE19-4105-BC9A-F4BEE988008F}.Release|Any CPU.Build.0 = Release|Any CPU
	EndGlobalSection
	GlobalSection(SolutionProperties) = preSolution
		HideSolutionNode = FALSE
	EndGlobalSection
	GlobalSection(ExtensibilityGlobals) = postSolution
		SolutionGuid = {F44300FE-BC36-47D6-984E-08CD57C4F7DD}
	EndGlobalSection
EndGlobal
