
Microsoft Visual Studio Solution File, Format Version 12.00
# Visual Studio Version 17
VisualStudioVersion = 17.4.33205.214
MinimumVisualStudioVersion = 10.0.40219.1
Project("{FAE04EC0-301F-11D3-BF4B-00C04F79EFBC}") = "Fixacao", "Fixacao\Fixacao.csproj", "{E631FF83-F756-4E50-8607-BE46656EE5DC}"
EndProject
Global
	GlobalSection(SolutionConfigurationPlatforms) = preSolution
		Debug|Any CPU = Debug|Any CPU
		Release|Any CPU = Release|Any CPU
	EndGlobalSection
	GlobalSection(ProjectConfigurationPlatforms) = postSolution
		{E631FF83-F756-4E50-8607-BE46656EE5DC}.Debug|Any CPU.ActiveCfg = Debug|Any CPU
		{E631FF83-F756-4E50-8607-BE46656EE5DC}.Debug|Any CPU.Build.0 = Debug|Any CPU
		{E631FF83-F756-4E50-8607-BE46656EE5DC}.Release|Any CPU.ActiveCfg = Release|Any CPU
		{E631FF83-F756-4E50-8607-BE46656EE5DC}.Release|Any CPU.Build.0 = Release|Any CPU
	EndGlobalSection
	GlobalSection(SolutionProperties) = preSolution
		HideSolutionNode = FALSE
	EndGlobalSection
	GlobalSection(ExtensibilityGlobals) = postSolution
		SolutionGuid = {AC886E65-F8B7-43EE-84D5-750241399EAE}
	EndGlobalSection
EndGlobal
