
Microsoft Visual Studio Solution File, Format Version 12.00
# Visual Studio Version 17
VisualStudioVersion = 17.4.33205.214
MinimumVisualStudioVersion = 10.0.40219.1
Project("{FAE04EC0-301F-11D3-BF4B-00C04F79EFBC}") = "ExemploOO13_CondicionalTernaria", "ExemploOO13_CondicionalTernaria\ExemploOO13_CondicionalTernaria.csproj", "{045B2B35-858E-4620-B506-5D7DBAA65A1F}"
EndProject
Global
	GlobalSection(SolutionConfigurationPlatforms) = preSolution
		Debug|Any CPU = Debug|Any CPU
		Release|Any CPU = Release|Any CPU
	EndGlobalSection
	GlobalSection(ProjectConfigurationPlatforms) = postSolution
		{045B2B35-858E-4620-B506-5D7DBAA65A1F}.Debug|Any CPU.ActiveCfg = Debug|Any CPU
		{045B2B35-858E-4620-B506-5D7DBAA65A1F}.Debug|Any CPU.Build.0 = Debug|Any CPU
		{045B2B35-858E-4620-B506-5D7DBAA65A1F}.Release|Any CPU.ActiveCfg = Release|Any CPU
		{045B2B35-858E-4620-B506-5D7DBAA65A1F}.Release|Any CPU.Build.0 = Release|Any CPU
	EndGlobalSection
	GlobalSection(SolutionProperties) = preSolution
		HideSolutionNode = FALSE
	EndGlobalSection
	GlobalSection(ExtensibilityGlobals) = postSolution
		SolutionGuid = {DD76E662-5B76-42F5-A26F-10610A78F550}
	EndGlobalSection
EndGlobal
