
Microsoft Visual Studio Solution File, Format Version 12.00
# Visual Studio Version 17
VisualStudioVersion = 17.4.33205.214
MinimumVisualStudioVersion = 10.0.40219.1
Project("{FAE04EC0-301F-11D3-BF4B-00C04F79EFBC}") = "ExercicioOO03_ProdutoEstoque", "ExercicioOO03_ProdutoEstoque\ExercicioOO03_ProdutoEstoque.csproj", "{CC417B0C-57D4-4DC8-8F3B-18420A8AB7FC}"
EndProject
Global
	GlobalSection(SolutionConfigurationPlatforms) = preSolution
		Debug|Any CPU = Debug|Any CPU
		Release|Any CPU = Release|Any CPU
	EndGlobalSection
	GlobalSection(ProjectConfigurationPlatforms) = postSolution
		{CC417B0C-57D4-4DC8-8F3B-18420A8AB7FC}.Debug|Any CPU.ActiveCfg = Debug|Any CPU
		{CC417B0C-57D4-4DC8-8F3B-18420A8AB7FC}.Debug|Any CPU.Build.0 = Debug|Any CPU
		{CC417B0C-57D4-4DC8-8F3B-18420A8AB7FC}.Release|Any CPU.ActiveCfg = Release|Any CPU
		{CC417B0C-57D4-4DC8-8F3B-18420A8AB7FC}.Release|Any CPU.Build.0 = Release|Any CPU
	EndGlobalSection
	GlobalSection(SolutionProperties) = preSolution
		HideSolutionNode = FALSE
	EndGlobalSection
	GlobalSection(ExtensibilityGlobals) = postSolution
		SolutionGuid = {60DE059E-F2FD-4D45-92B4-59913E8D7948}
	EndGlobalSection
EndGlobal
