
Microsoft Visual Studio Solution File, Format Version 12.00
# Visual Studio Version 17
VisualStudioVersion = 17.4.33205.214
MinimumVisualStudioVersion = 10.0.40219.1
Project("{FAE04EC0-301F-11D3-BF4B-00C04F79EFBC}") = "ExemploOO10_ModificadorParamsRefOut", "ExemploOO10_ModificadorParamsRefOut\ExemploOO10_ModificadorParamsRefOut.csproj", "{5499505B-A556-4574-953D-6F4DF233D3EF}"
EndProject
Global
	GlobalSection(SolutionConfigurationPlatforms) = preSolution
		Debug|Any CPU = Debug|Any CPU
		Release|Any CPU = Release|Any CPU
	EndGlobalSection
	GlobalSection(ProjectConfigurationPlatforms) = postSolution
		{5499505B-A556-4574-953D-6F4DF233D3EF}.Debug|Any CPU.ActiveCfg = Debug|Any CPU
		{5499505B-A556-4574-953D-6F4DF233D3EF}.Debug|Any CPU.Build.0 = Debug|Any CPU
		{5499505B-A556-4574-953D-6F4DF233D3EF}.Release|Any CPU.ActiveCfg = Release|Any CPU
		{5499505B-A556-4574-953D-6F4DF233D3EF}.Release|Any CPU.Build.0 = Release|Any CPU
	EndGlobalSection
	GlobalSection(SolutionProperties) = preSolution
		HideSolutionNode = FALSE
	EndGlobalSection
	GlobalSection(ExtensibilityGlobals) = postSolution
		SolutionGuid = {48811D4E-52D4-4208-AA5D-5D5A83992F18}
	EndGlobalSection
EndGlobal
