
Microsoft Visual Studio Solution File, Format Version 12.00
# Visual Studio Version 17
VisualStudioVersion = 17.4.33205.214
MinimumVisualStudioVersion = 10.0.40219.1
Project("{FAE04EC0-301F-11D3-BF4B-00C04F79EFBC}") = "ExercicioOO007_ContaBancaria", "ExercicioOO007_ContaBancaria\ExercicioOO007_ContaBancaria.csproj", "{D69A6B52-77FF-4F04-90D5-0C4BACC08B40}"
EndProject
Global
	GlobalSection(SolutionConfigurationPlatforms) = preSolution
		Debug|Any CPU = Debug|Any CPU
		Release|Any CPU = Release|Any CPU
	EndGlobalSection
	GlobalSection(ProjectConfigurationPlatforms) = postSolution
		{D69A6B52-77FF-4F04-90D5-0C4BACC08B40}.Debug|Any CPU.ActiveCfg = Debug|Any CPU
		{D69A6B52-77FF-4F04-90D5-0C4BACC08B40}.Debug|Any CPU.Build.0 = Debug|Any CPU
		{D69A6B52-77FF-4F04-90D5-0C4BACC08B40}.Release|Any CPU.ActiveCfg = Release|Any CPU
		{D69A6B52-77FF-4F04-90D5-0C4BACC08B40}.Release|Any CPU.Build.0 = Release|Any CPU
	EndGlobalSection
	GlobalSection(SolutionProperties) = preSolution
		HideSolutionNode = FALSE
	EndGlobalSection
	GlobalSection(ExtensibilityGlobals) = postSolution
		SolutionGuid = {C24F473A-3B4A-47B3-BD30-68DCD6B96D43}
	EndGlobalSection
EndGlobal
