
Microsoft Visual Studio Solution File, Format Version 12.00
# Visual Studio Version 17
VisualStudioVersion = 17.4.33205.214
MinimumVisualStudioVersion = 10.0.40219.1
Project("{FAE04EC0-301F-11D3-BF4B-00C04F79EFBC}") = "ExemploOO01_MembrosEstaticos", "ExemploOO_MembrosEstaticos\ExemploOO01_MembrosEstaticos.csproj", "{6F9AC41C-2319-443B-9E31-0029695D81DC}"
EndProject
Global
	GlobalSection(SolutionConfigurationPlatforms) = preSolution
		Debug|Any CPU = Debug|Any CPU
		Release|Any CPU = Release|Any CPU
	EndGlobalSection
	GlobalSection(ProjectConfigurationPlatforms) = postSolution
		{6F9AC41C-2319-443B-9E31-0029695D81DC}.Debug|Any CPU.ActiveCfg = Debug|Any CPU
		{6F9AC41C-2319-443B-9E31-0029695D81DC}.Debug|Any CPU.Build.0 = Debug|Any CPU
		{6F9AC41C-2319-443B-9E31-0029695D81DC}.Release|Any CPU.ActiveCfg = Release|Any CPU
		{6F9AC41C-2319-443B-9E31-0029695D81DC}.Release|Any CPU.Build.0 = Release|Any CPU
	EndGlobalSection
	GlobalSection(SolutionProperties) = preSolution
		HideSolutionNode = FALSE
	EndGlobalSection
	GlobalSection(ExtensibilityGlobals) = postSolution
		SolutionGuid = {061C08E8-A386-4512-B668-D0B33C941186}
	EndGlobalSection
EndGlobal
