
Microsoft Visual Studio Solution File, Format Version 12.00
# Visual Studio Version 17
VisualStudioVersion = 17.4.33205.214
MinimumVisualStudioVersion = 10.0.40219.1
Project("{FAE04EC0-301F-11D3-BF4B-00C04F79EFBC}") = "ExemploOO12_Lista", "ExemploOO12_Lista\ExemploOO12_Lista.csproj", "{8269728E-7253-433D-86CD-0E1AF9FAF04E}"
EndProject
Global
	GlobalSection(SolutionConfigurationPlatforms) = preSolution
		Debug|Any CPU = Debug|Any CPU
		Release|Any CPU = Release|Any CPU
	EndGlobalSection
	GlobalSection(ProjectConfigurationPlatforms) = postSolution
		{8269728E-7253-433D-86CD-0E1AF9FAF04E}.Debug|Any CPU.ActiveCfg = Debug|Any CPU
		{8269728E-7253-433D-86CD-0E1AF9FAF04E}.Debug|Any CPU.Build.0 = Debug|Any CPU
		{8269728E-7253-433D-86CD-0E1AF9FAF04E}.Release|Any CPU.ActiveCfg = Release|Any CPU
		{8269728E-7253-433D-86CD-0E1AF9FAF04E}.Release|Any CPU.Build.0 = Release|Any CPU
	EndGlobalSection
	GlobalSection(SolutionProperties) = preSolution
		HideSolutionNode = FALSE
	EndGlobalSection
	GlobalSection(ExtensibilityGlobals) = postSolution
		SolutionGuid = {BFCB4BC0-8A74-4555-978B-D619A7C6E498}
	EndGlobalSection
EndGlobal
